github.com/go-chi/chi/v5 v5.2.1 h1:KOIHODQj58PmL80G2Eak4WdvUzjSJSm0vG72crDCqb8=
github.com/go-chi/chi/v5 v5.2.1/go.mod h1:L2yAIGWB3H+phAw1NxKwWM+7eUH/lU8pOMm5hHcoops=
github.com/golang-jwt/jwt/v5 v5.2.1 h1:OuVbFODueb089Lh128TAcimifWaLhJwVflnrgM17wHk=
github.com/golang-jwt/jwt/v5 v5.2.1/go.mod h1:pqrtFR0X4osieyHYxtmOUWsAWrfe1Q5UVIyoH402zdk=
github.com/joho/godotenv v1.5.1 h1:7eLL/+HRGLY0ldzfGMeQkb7vMd0as4CfYvUVzLqw0N0=
github.com/joho/godotenv v1.5.1/go.mod h1:f4LDr5Voq0i2e/R5DDNOoa2zzDfwtkZa6DnEwAbqwq4=
github.com/lib/pq v1.10.9 h1:YXG7RB+JIjhP29X+OtkiDnYaXQwpS4JEWq7dtCCRUEw=
github.com/lib/pq v1.10.9/go.mod h1:AlVN5x4E4T544tWzH6hKfbfQvm3HdbOxrmggDNAPY9o=
github.com/nbio/st v0.0.0-20140626010706-e9e8d9816f32 h1:W6apQkHrMkS0Muv8G/TipAy/FJl/rCYT0+EuS8+Z0z4=
github.com/nbio/st v0.0.0-20140626010706-e9e8d9816f32/go.mod h1:9wM+0iRr9ahx58uYLpLIr5fm8diHn0JbqRycJi6w0Ms=
golang.org/x/net v0.35.0 h1:T5GQRQb2y08kTAByq9L4/bz8cipCdA8FbRTXewonqY8=
golang.org/x/net v0.35.0/go.mod h1:EglIi67kWsHKlRzzVMUD93VMSWGFOMSZgxFjparz1Qk=
gopkg.in/eapache/go-resiliency.v1 v1.2.0 h1:Ga62yQGVh5jQ/k6rDYhn2UsV9evgp2ZmMwXgGu2YcOQ=
gopkg.in/eapache/go-resiliency.v1 v1.2.0/go.mod h1:ufQ2tre3XZoQT9X8nKYgTaqO8DrIudC5V1EOYUwIka0=
gopkg.in/h2non/gentleman-retry.v2 v2.0.1 h1:/rpBzY+3anRJ7fX5khYgD5aJe4zQ4HRrIrUf4uEsnzU=
gopkg.in/h2non/gentleman-retry.v2 v2.0.1/go.mod h1:d5d8//Z0tzpEGZ/56I7EAmrYWGASfPiYz586ThB+nNY=
gopkg.in/h2non/gentleman.v2 v2.0.5 h1:ckmb6cLxL2DDk7WN7LSdxXDq7jNkOicFg4JZ4ZnDNuE=
gopkg.in/h2non/gentleman.v2 v2.0.5/go.mod h1:A1c7zwrTgAyyf6AbpvVksYtBayTB4STBUGmdkEtlHeA=
